
Microsoft Visual Studio Solution File, Format Version 12.00
# Visual Studio 2013
VisualStudioVersion = 12.0.21005.1
MinimumVisualStudioVersion = 10.0.40219.1
Project("{911E67C6-3D85-4FCE-B560-20A9C3E3FF48}") = "devenv", "..\..\..\..\..\..\Program Files (x86)\Microsoft Visual Studio 12.0\Common7\IDE\devenv.exe", "{09335C7B-F4F3-4AD6-9FEE-0C653AAD6FF8}"
	ProjectSection(DebuggerProjectSystem) = preProject
		PortSupplier = 00000000-0000-0000-0000-000000000000
		Executable = C:\Program Files (x86)\Microsoft Visual Studio 12.0\Common7\IDE\devenv.exe
		RemoteMachine = JON-LAPTOP
		StartingDirectory = C:\Users\Jon\My Documents\Git\fsprojects\FSharp.Interop.Experimental.PythonProvider
		Arguments = C:\Users\Jon\Documents\Git\fsprojects\FSharp.Interop.Experimental.PythonProvider\TestScript.fsx
		Environment = Default
		LaunchingEngine = fb0d4648-f776-4980-95f8-bb7f36ebc1ee
		UseLegacyDebugEngines = No
		LaunchSQLEngine = No
		AttachLaunchAction = No
	EndProjectSection
EndProject
Global
	GlobalSection(SolutionConfigurationPlatforms) = preSolution
		Debug|x86 = Debug|x86
	EndGlobalSection
	GlobalSection(ProjectConfigurationPlatforms) = postSolution
		{09335C7B-F4F3-4AD6-9FEE-0C653AAD6FF8}.Debug|x86.ActiveCfg = Debug
	EndGlobalSection
	GlobalSection(SolutionProperties) = preSolution
		HideSolutionNode = FALSE
	EndGlobalSection
EndGlobal
