
Microsoft Visual Studio Solution File, Format Version 12.00
# Visual Studio 2013
VisualStudioVersion = 12.0.30110.0
MinimumVisualStudioVersion = 10.0.40219.1
Project("{F2A71F9B-5D33-465A-A702-920D77279786}") = "PythonTypeProviderProxy", "src\PythonTypeProviderProxy\PythonTypeProviderProxy.fsproj", "{F5932D2F-EB19-45B6-961D-01ACF9E086BD}"
EndProject
Project("{F2A71F9B-5D33-465A-A702-920D77279786}") = "PythonTypeProvider", "src\PythonTypeProvider\PythonTypeProvider.fsproj", "{380603C0-72B7-4E76-8307-907344CDD78E}"
EndProject
Project("{2150E333-8FDC-42A3-9474-1A3956D46DE8}") = "Docs", "Docs", "{F9DEC36E-C519-4D9F-B571-104050171225}"
	ProjectSection(SolutionItems) = preProject
		docs\tools\generate.fsx = docs\tools\generate.fsx
		docs\content\index.fsx = docs\content\index.fsx
		docs\content\sample.fsx = docs\content\sample.fsx
	EndProjectSection
EndProject
Project("{2150E333-8FDC-42A3-9474-1A3956D46DE8}") = "Solution", "Solution", "{1D17676E-13CD-4C73-B79F-7E1C0C4DEC83}"
	ProjectSection(SolutionItems) = preProject
		build.fsx = build.fsx
		RELEASE_NOTES.md = RELEASE_NOTES.md
	EndProjectSection
EndProject
Project("{FAE04EC0-301F-11D3-BF4B-00C04F79EFBC}") = "Python.Runtime", "..\pythonnet\pythonnet\src\runtime\Python.Runtime.csproj", "{097B4AC0-74E9-4C58-BCF8-C69746EC8271}"
EndProject
Global
	GlobalSection(SolutionConfigurationPlatforms) = preSolution
		Debug|Any CPU = Debug|Any CPU
		Debug|Mixed Platforms = Debug|Mixed Platforms
		Debug|x64 = Debug|x64
		Debug|x86 = Debug|x86
		DebugMono|Any CPU = DebugMono|Any CPU
		DebugMono|Mixed Platforms = DebugMono|Mixed Platforms
		DebugMono|x64 = DebugMono|x64
		DebugMono|x86 = DebugMono|x86
		DebugWin|Any CPU = DebugWin|Any CPU
		DebugWin|Mixed Platforms = DebugWin|Mixed Platforms
		DebugWin|x64 = DebugWin|x64
		DebugWin|x86 = DebugWin|x86
		Release|Any CPU = Release|Any CPU
		Release|Mixed Platforms = Release|Mixed Platforms
		Release|x64 = Release|x64
		Release|x86 = Release|x86
		ReleaseMono|Any CPU = ReleaseMono|Any CPU
		ReleaseMono|Mixed Platforms = ReleaseMono|Mixed Platforms
		ReleaseMono|x64 = ReleaseMono|x64
		ReleaseMono|x86 = ReleaseMono|x86
		ReleaseWin|Any CPU = ReleaseWin|Any CPU
		ReleaseWin|Mixed Platforms = ReleaseWin|Mixed Platforms
		ReleaseWin|x64 = ReleaseWin|x64
		ReleaseWin|x86 = ReleaseWin|x86
	EndGlobalSection
	GlobalSection(ProjectConfigurationPlatforms) = postSolution
		{F5932D2F-EB19-45B6-961D-01ACF9E086BD}.Debug|Any CPU.ActiveCfg = Debug|Any CPU
		{F5932D2F-EB19-45B6-961D-01ACF9E086BD}.Debug|Any CPU.Build.0 = Debug|Any CPU
		{F5932D2F-EB19-45B6-961D-01ACF9E086BD}.Debug|Mixed Platforms.ActiveCfg = Debug|Any CPU
		{F5932D2F-EB19-45B6-961D-01ACF9E086BD}.Debug|Mixed Platforms.Build.0 = Debug|Any CPU
		{F5932D2F-EB19-45B6-961D-01ACF9E086BD}.Debug|x64.ActiveCfg = Debug|Any CPU
		{F5932D2F-EB19-45B6-961D-01ACF9E086BD}.Debug|x64.Build.0 = Debug|Any CPU
		{F5932D2F-EB19-45B6-961D-01ACF9E086BD}.Debug|x86.ActiveCfg = Debug|Any CPU
		{F5932D2F-EB19-45B6-961D-01ACF9E086BD}.Debug|x86.Build.0 = Debug|Any CPU
		{F5932D2F-EB19-45B6-961D-01ACF9E086BD}.DebugMono|Any CPU.ActiveCfg = Debug|Any CPU
		{F5932D2F-EB19-45B6-961D-01ACF9E086BD}.DebugMono|Any CPU.Build.0 = Debug|Any CPU
		{F5932D2F-EB19-45B6-961D-01ACF9E086BD}.DebugMono|Mixed Platforms.ActiveCfg = Debug|Any CPU
		{F5932D2F-EB19-45B6-961D-01ACF9E086BD}.DebugMono|Mixed Platforms.Build.0 = Debug|Any CPU
		{F5932D2F-EB19-45B6-961D-01ACF9E086BD}.DebugMono|x64.ActiveCfg = Debug|Any CPU
		{F5932D2F-EB19-45B6-961D-01ACF9E086BD}.DebugMono|x86.ActiveCfg = Debug|Any CPU
		{F5932D2F-EB19-45B6-961D-01ACF9E086BD}.DebugWin|Any CPU.ActiveCfg = Debug|Any CPU
		{F5932D2F-EB19-45B6-961D-01ACF9E086BD}.DebugWin|Any CPU.Build.0 = Debug|Any CPU
		{F5932D2F-EB19-45B6-961D-01ACF9E086BD}.DebugWin|Mixed Platforms.ActiveCfg = Debug|Any CPU
		{F5932D2F-EB19-45B6-961D-01ACF9E086BD}.DebugWin|Mixed Platforms.Build.0 = Debug|Any CPU
		{F5932D2F-EB19-45B6-961D-01ACF9E086BD}.DebugWin|x64.ActiveCfg = Debug|Any CPU
		{F5932D2F-EB19-45B6-961D-01ACF9E086BD}.DebugWin|x86.ActiveCfg = Debug|Any CPU
		{F5932D2F-EB19-45B6-961D-01ACF9E086BD}.Release|Any CPU.ActiveCfg = Release|Any CPU
		{F5932D2F-EB19-45B6-961D-01ACF9E086BD}.Release|Any CPU.Build.0 = Release|Any CPU
		{F5932D2F-EB19-45B6-961D-01ACF9E086BD}.Release|Mixed Platforms.ActiveCfg = Release|Any CPU
		{F5932D2F-EB19-45B6-961D-01ACF9E086BD}.Release|Mixed Platforms.Build.0 = Release|Any CPU
		{F5932D2F-EB19-45B6-961D-01ACF9E086BD}.Release|x64.ActiveCfg = Release|Any CPU
		{F5932D2F-EB19-45B6-961D-01ACF9E086BD}.Release|x64.Build.0 = Release|Any CPU
		{F5932D2F-EB19-45B6-961D-01ACF9E086BD}.Release|x86.ActiveCfg = Release|Any CPU
		{F5932D2F-EB19-45B6-961D-01ACF9E086BD}.Release|x86.Build.0 = Release|Any CPU
		{F5932D2F-EB19-45B6-961D-01ACF9E086BD}.ReleaseMono|Any CPU.ActiveCfg = Release|Any CPU
		{F5932D2F-EB19-45B6-961D-01ACF9E086BD}.ReleaseMono|Any CPU.Build.0 = Release|Any CPU
		{F5932D2F-EB19-45B6-961D-01ACF9E086BD}.ReleaseMono|Mixed Platforms.ActiveCfg = Release|Any CPU
		{F5932D2F-EB19-45B6-961D-01ACF9E086BD}.ReleaseMono|Mixed Platforms.Build.0 = Release|Any CPU
		{F5932D2F-EB19-45B6-961D-01ACF9E086BD}.ReleaseMono|x64.ActiveCfg = Release|Any CPU
		{F5932D2F-EB19-45B6-961D-01ACF9E086BD}.ReleaseMono|x86.ActiveCfg = Release|Any CPU
		{F5932D2F-EB19-45B6-961D-01ACF9E086BD}.ReleaseWin|Any CPU.ActiveCfg = Release|Any CPU
		{F5932D2F-EB19-45B6-961D-01ACF9E086BD}.ReleaseWin|Any CPU.Build.0 = Release|Any CPU
		{F5932D2F-EB19-45B6-961D-01ACF9E086BD}.ReleaseWin|Mixed Platforms.ActiveCfg = Release|Any CPU
		{F5932D2F-EB19-45B6-961D-01ACF9E086BD}.ReleaseWin|Mixed Platforms.Build.0 = Release|Any CPU
		{F5932D2F-EB19-45B6-961D-01ACF9E086BD}.ReleaseWin|x64.ActiveCfg = Release|Any CPU
		{F5932D2F-EB19-45B6-961D-01ACF9E086BD}.ReleaseWin|x86.ActiveCfg = Release|Any CPU
		{380603C0-72B7-4E76-8307-907344CDD78E}.Debug|Any CPU.ActiveCfg = Debug|Any CPU
		{380603C0-72B7-4E76-8307-907344CDD78E}.Debug|Any CPU.Build.0 = Debug|Any CPU
		{380603C0-72B7-4E76-8307-907344CDD78E}.Debug|Mixed Platforms.ActiveCfg = Debug|Any CPU
		{380603C0-72B7-4E76-8307-907344CDD78E}.Debug|Mixed Platforms.Build.0 = Debug|Any CPU
		{380603C0-72B7-4E76-8307-907344CDD78E}.Debug|x64.ActiveCfg = Debug|Any CPU
		{380603C0-72B7-4E76-8307-907344CDD78E}.Debug|x64.Build.0 = Debug|Any CPU
		{380603C0-72B7-4E76-8307-907344CDD78E}.Debug|x86.ActiveCfg = Debug|Any CPU
		{380603C0-72B7-4E76-8307-907344CDD78E}.Debug|x86.Build.0 = Debug|Any CPU
		{380603C0-72B7-4E76-8307-907344CDD78E}.DebugMono|Any CPU.ActiveCfg = Debug|Any CPU
		{380603C0-72B7-4E76-8307-907344CDD78E}.DebugMono|Any CPU.Build.0 = Debug|Any CPU
		{380603C0-72B7-4E76-8307-907344CDD78E}.DebugMono|Mixed Platforms.ActiveCfg = Debug|Any CPU
		{380603C0-72B7-4E76-8307-907344CDD78E}.DebugMono|Mixed Platforms.Build.0 = Debug|Any CPU
		{380603C0-72B7-4E76-8307-907344CDD78E}.DebugMono|x64.ActiveCfg = Debug|Any CPU
		{380603C0-72B7-4E76-8307-907344CDD78E}.DebugMono|x86.ActiveCfg = Debug|Any CPU
		{380603C0-72B7-4E76-8307-907344CDD78E}.DebugWin|Any CPU.ActiveCfg = Debug|Any CPU
		{380603C0-72B7-4E76-8307-907344CDD78E}.DebugWin|Any CPU.Build.0 = Debug|Any CPU
		{380603C0-72B7-4E76-8307-907344CDD78E}.DebugWin|Mixed Platforms.ActiveCfg = Debug|Any CPU
		{380603C0-72B7-4E76-8307-907344CDD78E}.DebugWin|Mixed Platforms.Build.0 = Debug|Any CPU
		{380603C0-72B7-4E76-8307-907344CDD78E}.DebugWin|x64.ActiveCfg = Debug|Any CPU
		{380603C0-72B7-4E76-8307-907344CDD78E}.DebugWin|x86.ActiveCfg = Debug|Any CPU
		{380603C0-72B7-4E76-8307-907344CDD78E}.Release|Any CPU.ActiveCfg = Release|Any CPU
		{380603C0-72B7-4E76-8307-907344CDD78E}.Release|Any CPU.Build.0 = Release|Any CPU
		{380603C0-72B7-4E76-8307-907344CDD78E}.Release|Mixed Platforms.ActiveCfg = Release|Any CPU
		{380603C0-72B7-4E76-8307-907344CDD78E}.Release|Mixed Platforms.Build.0 = Release|Any CPU
		{380603C0-72B7-4E76-8307-907344CDD78E}.Release|x64.ActiveCfg = Release|Any CPU
		{380603C0-72B7-4E76-8307-907344CDD78E}.Release|x64.Build.0 = Release|Any CPU
		{380603C0-72B7-4E76-8307-907344CDD78E}.Release|x86.ActiveCfg = Release|Any CPU
		{380603C0-72B7-4E76-8307-907344CDD78E}.Release|x86.Build.0 = Release|Any CPU
		{380603C0-72B7-4E76-8307-907344CDD78E}.ReleaseMono|Any CPU.ActiveCfg = Release|Any CPU
		{380603C0-72B7-4E76-8307-907344CDD78E}.ReleaseMono|Any CPU.Build.0 = Release|Any CPU
		{380603C0-72B7-4E76-8307-907344CDD78E}.ReleaseMono|Mixed Platforms.ActiveCfg = Release|Any CPU
		{380603C0-72B7-4E76-8307-907344CDD78E}.ReleaseMono|Mixed Platforms.Build.0 = Release|Any CPU
		{380603C0-72B7-4E76-8307-907344CDD78E}.ReleaseMono|x64.ActiveCfg = Release|Any CPU
		{380603C0-72B7-4E76-8307-907344CDD78E}.ReleaseMono|x86.ActiveCfg = Release|Any CPU
		{380603C0-72B7-4E76-8307-907344CDD78E}.ReleaseWin|Any CPU.ActiveCfg = Release|Any CPU
		{380603C0-72B7-4E76-8307-907344CDD78E}.ReleaseWin|Any CPU.Build.0 = Release|Any CPU
		{380603C0-72B7-4E76-8307-907344CDD78E}.ReleaseWin|Mixed Platforms.ActiveCfg = Release|Any CPU
		{380603C0-72B7-4E76-8307-907344CDD78E}.ReleaseWin|Mixed Platforms.Build.0 = Release|Any CPU
		{380603C0-72B7-4E76-8307-907344CDD78E}.ReleaseWin|x64.ActiveCfg = Release|Any CPU
		{380603C0-72B7-4E76-8307-907344CDD78E}.ReleaseWin|x86.ActiveCfg = Release|Any CPU
		{097B4AC0-74E9-4C58-BCF8-C69746EC8271}.Debug|Any CPU.ActiveCfg = DebugWin|x86
		{097B4AC0-74E9-4C58-BCF8-C69746EC8271}.Debug|Mixed Platforms.ActiveCfg = DebugWin|x86
		{097B4AC0-74E9-4C58-BCF8-C69746EC8271}.Debug|Mixed Platforms.Build.0 = DebugWin|x86
		{097B4AC0-74E9-4C58-BCF8-C69746EC8271}.Debug|x64.ActiveCfg = DebugWin|x64
		{097B4AC0-74E9-4C58-BCF8-C69746EC8271}.Debug|x64.Build.0 = DebugWin|x64
		{097B4AC0-74E9-4C58-BCF8-C69746EC8271}.Debug|x86.ActiveCfg = DebugWin|x86
		{097B4AC0-74E9-4C58-BCF8-C69746EC8271}.Debug|x86.Build.0 = DebugWin|x86
		{097B4AC0-74E9-4C58-BCF8-C69746EC8271}.DebugMono|Any CPU.ActiveCfg = DebugMono|x86
		{097B4AC0-74E9-4C58-BCF8-C69746EC8271}.DebugMono|Mixed Platforms.ActiveCfg = DebugMono|x86
		{097B4AC0-74E9-4C58-BCF8-C69746EC8271}.DebugMono|Mixed Platforms.Build.0 = DebugMono|x86
		{097B4AC0-74E9-4C58-BCF8-C69746EC8271}.DebugMono|x64.ActiveCfg = DebugMono|x64
		{097B4AC0-74E9-4C58-BCF8-C69746EC8271}.DebugMono|x64.Build.0 = DebugMono|x64
		{097B4AC0-74E9-4C58-BCF8-C69746EC8271}.DebugMono|x86.ActiveCfg = DebugMono|x86
		{097B4AC0-74E9-4C58-BCF8-C69746EC8271}.DebugMono|x86.Build.0 = DebugMono|x86
		{097B4AC0-74E9-4C58-BCF8-C69746EC8271}.DebugWin|Any CPU.ActiveCfg = DebugWin|x86
		{097B4AC0-74E9-4C58-BCF8-C69746EC8271}.DebugWin|Mixed Platforms.ActiveCfg = DebugWin|x86
		{097B4AC0-74E9-4C58-BCF8-C69746EC8271}.DebugWin|Mixed Platforms.Build.0 = DebugWin|x86
		{097B4AC0-74E9-4C58-BCF8-C69746EC8271}.DebugWin|x64.ActiveCfg = DebugWin|x64
		{097B4AC0-74E9-4C58-BCF8-C69746EC8271}.DebugWin|x64.Build.0 = DebugWin|x64
		{097B4AC0-74E9-4C58-BCF8-C69746EC8271}.DebugWin|x86.ActiveCfg = DebugWin|x86
		{097B4AC0-74E9-4C58-BCF8-C69746EC8271}.DebugWin|x86.Build.0 = DebugWin|x86
		{097B4AC0-74E9-4C58-BCF8-C69746EC8271}.Release|Any CPU.ActiveCfg = ReleaseWin|x86
		{097B4AC0-74E9-4C58-BCF8-C69746EC8271}.Release|Mixed Platforms.ActiveCfg = ReleaseWin|x86
		{097B4AC0-74E9-4C58-BCF8-C69746EC8271}.Release|Mixed Platforms.Build.0 = ReleaseWin|x86
		{097B4AC0-74E9-4C58-BCF8-C69746EC8271}.Release|x64.ActiveCfg = ReleaseWin|x64
		{097B4AC0-74E9-4C58-BCF8-C69746EC8271}.Release|x64.Build.0 = ReleaseWin|x64
		{097B4AC0-74E9-4C58-BCF8-C69746EC8271}.Release|x86.ActiveCfg = ReleaseWin|x86
		{097B4AC0-74E9-4C58-BCF8-C69746EC8271}.Release|x86.Build.0 = ReleaseWin|x86
		{097B4AC0-74E9-4C58-BCF8-C69746EC8271}.ReleaseMono|Any CPU.ActiveCfg = ReleaseMono|x86
		{097B4AC0-74E9-4C58-BCF8-C69746EC8271}.ReleaseMono|Mixed Platforms.ActiveCfg = ReleaseMono|x86
		{097B4AC0-74E9-4C58-BCF8-C69746EC8271}.ReleaseMono|Mixed Platforms.Build.0 = ReleaseMono|x86
		{097B4AC0-74E9-4C58-BCF8-C69746EC8271}.ReleaseMono|x64.ActiveCfg = ReleaseMono|x64
		{097B4AC0-74E9-4C58-BCF8-C69746EC8271}.ReleaseMono|x64.Build.0 = ReleaseMono|x64
		{097B4AC0-74E9-4C58-BCF8-C69746EC8271}.ReleaseMono|x86.ActiveCfg = ReleaseMono|x86
		{097B4AC0-74E9-4C58-BCF8-C69746EC8271}.ReleaseMono|x86.Build.0 = ReleaseMono|x86
		{097B4AC0-74E9-4C58-BCF8-C69746EC8271}.ReleaseWin|Any CPU.ActiveCfg = ReleaseWin|x86
		{097B4AC0-74E9-4C58-BCF8-C69746EC8271}.ReleaseWin|Mixed Platforms.ActiveCfg = ReleaseWin|x86
		{097B4AC0-74E9-4C58-BCF8-C69746EC8271}.ReleaseWin|Mixed Platforms.Build.0 = ReleaseWin|x86
		{097B4AC0-74E9-4C58-BCF8-C69746EC8271}.ReleaseWin|x64.ActiveCfg = ReleaseWin|x64
		{097B4AC0-74E9-4C58-BCF8-C69746EC8271}.ReleaseWin|x64.Build.0 = ReleaseWin|x64
		{097B4AC0-74E9-4C58-BCF8-C69746EC8271}.ReleaseWin|x86.ActiveCfg = ReleaseWin|x86
		{097B4AC0-74E9-4C58-BCF8-C69746EC8271}.ReleaseWin|x86.Build.0 = ReleaseWin|x86
	EndGlobalSection
	GlobalSection(SolutionProperties) = preSolution
		HideSolutionNode = FALSE
	EndGlobalSection
EndGlobal
