
Microsoft Visual Studio Solution File, Format Version 12.00
# Visual Studio 2012
Project("{F2A71F9B-5D33-465A-A702-920D77279786}") = "PythonTypeProvider", "PythonTypeProvider.fsproj", "{380603C0-72B7-4E76-8307-907344CDD78E}"
EndProject
Project("{F2A71F9B-5D33-465A-A702-920D77279786}") = "PythonTypeProviderProxy", "PythonTypeProviderProxy\PythonTypeProviderProxy.fsproj", "{F5932D2F-EB19-45B6-961D-01ACF9E086BD}"
EndProject
Global
	GlobalSection(SolutionConfigurationPlatforms) = preSolution
		Debug|Any CPU = Debug|Any CPU
		Release|Any CPU = Release|Any CPU
	EndGlobalSection
	GlobalSection(ProjectConfigurationPlatforms) = postSolution
		{380603C0-72B7-4E76-8307-907344CDD78E}.Debug|Any CPU.ActiveCfg = Debug|Any CPU
		{380603C0-72B7-4E76-8307-907344CDD78E}.Debug|Any CPU.Build.0 = Debug|Any CPU
		{380603C0-72B7-4E76-8307-907344CDD78E}.Release|Any CPU.ActiveCfg = Release|Any CPU
		{380603C0-72B7-4E76-8307-907344CDD78E}.Release|Any CPU.Build.0 = Release|Any CPU
		{F5932D2F-EB19-45B6-961D-01ACF9E086BD}.Debug|Any CPU.ActiveCfg = Debug|Any CPU
		{F5932D2F-EB19-45B6-961D-01ACF9E086BD}.Debug|Any CPU.Build.0 = Debug|Any CPU
		{F5932D2F-EB19-45B6-961D-01ACF9E086BD}.Release|Any CPU.ActiveCfg = Release|Any CPU
		{F5932D2F-EB19-45B6-961D-01ACF9E086BD}.Release|Any CPU.Build.0 = Release|Any CPU
	EndGlobalSection
	GlobalSection(SolutionProperties) = preSolution
		HideSolutionNode = FALSE
	EndGlobalSection
EndGlobal
