
Microsoft Visual Studio Solution File, Format Version 12.00
# Visual Studio 2012
Project("{F2A71F9B-5D33-465A-A702-920D77279786}") = "PythonTypeProvider.Tests", "PythonTypeProvider.Tests.fsproj", "{D1DE417D-B34A-4F03-8755-949A54435D2A}"
EndProject
Global
	GlobalSection(SolutionConfigurationPlatforms) = preSolution
		Debug|Any CPU = Debug|Any CPU
		Release|Any CPU = Release|Any CPU
	EndGlobalSection
	GlobalSection(ProjectConfigurationPlatforms) = postSolution
		{D1DE417D-B34A-4F03-8755-949A54435D2A}.Debug|Any CPU.ActiveCfg = Debug|Any CPU
		{D1DE417D-B34A-4F03-8755-949A54435D2A}.Debug|Any CPU.Build.0 = Debug|Any CPU
		{D1DE417D-B34A-4F03-8755-949A54435D2A}.Release|Any CPU.ActiveCfg = Release|Any CPU
		{D1DE417D-B34A-4F03-8755-949A54435D2A}.Release|Any CPU.Build.0 = Release|Any CPU
	EndGlobalSection
	GlobalSection(SolutionProperties) = preSolution
		HideSolutionNode = FALSE
	EndGlobalSection
EndGlobal
